// !$*UTF8*$!
{
	archiveVersion = 1;
	classes = {
	};
	objectVersion = 55;
	objects = {

/* Begin PBXBuildFile section */
		1E295BF32729301A003826B1 /* NewVC.swift in Sources */ = {isa = PBXBuildFile; fileRef = 1E295BF22729301A003826B1 /* NewVC.swift */; };
		1E295BF82729321A003826B1 /* CityTVCell.swift in Sources */ = {isa = PBXBuildFile; fileRef = 1E295BF72729321A003826B1 /* CityTVCell.swift */; };
		1E295BFA272935A1003826B1 /* CityClass.swift in Sources */ = {isa = PBXBuildFile; fileRef = 1E295BF9272935A1003826B1 /* CityClass.swift */; };
		1E78AB65272A8445000382C8 /* DetailsVC.swift in Sources */ = {isa = PBXBuildFile; fileRef = 1E78AB64272A8445000382C8 /* DetailsVC.swift */; };
		1E78AB67272A904B000382C8 /* MoreImageCVC.swift in Sources */ = {isa = PBXBuildFile; fileRef = 1E78AB66272A904B000382C8 /* MoreImageCVC.swift */; };
		1E78AB71272E7A88000382C8 /* imageVC.swift in Sources */ = {isa = PBXBuildFile; fileRef = 1E78AB70272E7A88000382C8 /* imageVC.swift */; };
		1E865A262727D42B00F16B30 /* AppDelegate.swift in Sources */ = {isa = PBXBuildFile; fileRef = 1E865A252727D42B00F16B30 /* AppDelegate.swift */; };
		1E865A282727D42B00F16B30 /* SceneDelegate.swift in Sources */ = {isa = PBXBuildFile; fileRef = 1E865A272727D42B00F16B30 /* SceneDelegate.swift */; };
		1E865A2A2727D42B00F16B30 /* ViewController.swift in Sources */ = {isa = PBXBuildFile; fileRef = 1E865A292727D42B00F16B30 /* ViewController.swift */; };
		1E865A2D2727D42B00F16B30 /* Main.storyboard in Resources */ = {isa = PBXBuildFile; fileRef = 1E865A2B2727D42B00F16B30 /* Main.storyboard */; };
		1E865A2F2727D42C00F16B30 /* Assets.xcassets in Resources */ = {isa = PBXBuildFile; fileRef = 1E865A2E2727D42C00F16B30 /* Assets.xcassets */; };
		1E865A322727D42C00F16B30 /* LaunchScreen.storyboard in Resources */ = {isa = PBXBuildFile; fileRef = 1E865A302727D42C00F16B30 /* LaunchScreen.storyboard */; };
		1E865A3A2727E2F400F16B30 /* StdClass.swift in Sources */ = {isa = PBXBuildFile; fileRef = 1E865A392727E2F400F16B30 /* StdClass.swift */; };
		1E865A3E2727F64500F16B30 /* StedensCell.swift in Sources */ = {isa = PBXBuildFile; fileRef = 1E865A3D2727F64500F16B30 /* StedensCell.swift */; };
/* End PBXBuildFile section */

/* Begin PBXFileReference section */
		1E295BF22729301A003826B1 /* NewVC.swift */ = {isa = PBXFileReference; lastKnownFileType = sourcecode.swift; path = NewVC.swift; sourceTree = "<group>"; };
		1E295BF72729321A003826B1 /* CityTVCell.swift */ = {isa = PBXFileReference; lastKnownFileType = sourcecode.swift; path = CityTVCell.swift; sourceTree = "<group>"; };
		1E295BF9272935A1003826B1 /* CityClass.swift */ = {isa = PBXFileReference; lastKnownFileType = sourcecode.swift; path = CityClass.swift; sourceTree = "<group>"; };
		1E78AB64272A8445000382C8 /* DetailsVC.swift */ = {isa = PBXFileReference; lastKnownFileType = sourcecode.swift; path = DetailsVC.swift; sourceTree = "<group>"; };
		1E78AB66272A904B000382C8 /* MoreImageCVC.swift */ = {isa = PBXFileReference; lastKnownFileType = sourcecode.swift; path = MoreImageCVC.swift; sourceTree = "<group>"; };
		1E78AB70272E7A88000382C8 /* imageVC.swift */ = {isa = PBXFileReference; lastKnownFileType = sourcecode.swift; path = imageVC.swift; sourceTree = "<group>"; };
		1E865A222727D42B00F16B30 /* TabelViwe.app */ = {isa = PBXFileReference; explicitFileType = wrapper.application; includeInIndex = 0; path = TabelViwe.app; sourceTree = BUILT_PRODUCTS_DIR; };
		1E865A252727D42B00F16B30 /* AppDelegate.swift */ = {isa = PBXFileReference; lastKnownFileType = sourcecode.swift; path = AppDelegate.swift; sourceTree = "<group>"; };
		1E865A272727D42B00F16B30 /* SceneDelegate.swift */ = {isa = PBXFileReference; lastKnownFileType = sourcecode.swift; path = SceneDelegate.swift; sourceTree = "<group>"; };
		1E865A292727D42B00F16B30 /* ViewController.swift */ = {isa = PBXFileReference; lastKnownFileType = sourcecode.swift; path = ViewController.swift; sourceTree = "<group>"; };
		1E865A2C2727D42B00F16B30 /* Base */ = {isa = PBXFileReference; lastKnownFileType = file.storyboard; name = Base; path = Base.lproj/Main.storyboard; sourceTree = "<group>"; };
		1E865A2E2727D42C00F16B30 /* Assets.xcassets */ = {isa = PBXFileReference; lastKnownFileType = folder.assetcatalog; path = Assets.xcassets; sourceTree = "<group>"; };
		1E865A312727D42C00F16B30 /* Base */ = {isa = PBXFileReference; lastKnownFileType = file.storyboard; name = Base; path = Base.lproj/LaunchScreen.storyboard; sourceTree = "<group>"; };
		1E865A332727D42C00F16B30 /* Info.plist */ = {isa = PBXFileReference; lastKnownFileType = text.plist.xml; path = Info.plist; sourceTree = "<group>"; };
		1E865A392727E2F400F16B30 /* StdClass.swift */ = {isa = PBXFileReference; lastKnownFileType = sourcecode.swift; path = StdClass.swift; sourceTree = "<group>"; };
		1E865A3D2727F64500F16B30 /* StedensCell.swift */ = {isa = PBXFileReference; lastKnownFileType = sourcecode.swift; path = StedensCell.swift; sourceTree = "<group>"; };
/* End PBXFileReference section */

/* Begin PBXFrameworksBuildPhase section */
		1E865A1F2727D42B00F16B30 /* Frameworks */ = {
			isa = PBXFrameworksBuildPhase;
			buildActionMask = 2147483647;
			files = (
			);
			runOnlyForDeploymentPostprocessing = 0;
		};
/* End PBXFrameworksBuildPhase section */

/* Begin PBXGroup section */
		1E295BF42729305A003826B1 /* New Project */ = {
			isa = PBXGroup;
			children = (
				1E295BF22729301A003826B1 /* NewVC.swift */,
				1E295BF72729321A003826B1 /* CityTVCell.swift */,
				1E295BF9272935A1003826B1 /* CityClass.swift */,
				1E78AB64272A8445000382C8 /* DetailsVC.swift */,
				1E78AB66272A904B000382C8 /* MoreImageCVC.swift */,
				1E78AB70272E7A88000382C8 /* imageVC.swift */,
			);
			path = "New Project";
			sourceTree = "<group>";
		};
		1E865A192727D42B00F16B30 = {
			isa = PBXGroup;
			children = (
				1E865A242727D42B00F16B30 /* TabelViwe */,
				1E865A232727D42B00F16B30 /* Products */,
			);
			sourceTree = "<group>";
		};
		1E865A232727D42B00F16B30 /* Products */ = {
			isa = PBXGroup;
			children = (
				1E865A222727D42B00F16B30 /* TabelViwe.app */,
			);
			name = Products;
			sourceTree = "<group>";
		};
		1E865A242727D42B00F16B30 /* TabelViwe */ = {
			isa = PBXGroup;
			children = (
				1E865A252727D42B00F16B30 /* AppDelegate.swift */,
				1E865A272727D42B00F16B30 /* SceneDelegate.swift */,
				1E865A292727D42B00F16B30 /* ViewController.swift */,
				1E865A2B2727D42B00F16B30 /* Main.storyboard */,
				1E865A2E2727D42C00F16B30 /* Assets.xcassets */,
				1E865A302727D42C00F16B30 /* LaunchScreen.storyboard */,
				1E865A332727D42C00F16B30 /* Info.plist */,
				1E865A392727E2F400F16B30 /* StdClass.swift */,
				1E865A3D2727F64500F16B30 /* StedensCell.swift */,
				1E295BF42729305A003826B1 /* New Project */,
			);
			path = TabelViwe;
			sourceTree = "<group>";
		};
/* End PBXGroup section */

/* Begin PBXNativeTarget section */
		1E865A212727D42B00F16B30 /* TabelViwe */ = {
			isa = PBXNativeTarget;
			buildConfigurationList = 1E865A362727D42C00F16B30 /* Build configuration list for PBXNativeTarget "TabelViwe" */;
			buildPhases = (
				1E865A1E2727D42B00F16B30 /* Sources */,
				1E865A1F2727D42B00F16B30 /* Frameworks */,
				1E865A202727D42B00F16B30 /* Resources */,
			);
			buildRules = (
			);
			dependencies = (
			);
			name = TabelViwe;
			productName = TabelViwe;
			productReference = 1E865A222727D42B00F16B30 /* TabelViwe.app */;
			productType = "com.apple.product-type.application";
		};
/* End PBXNativeTarget section */

/* Begin PBXProject section */
		1E865A1A2727D42B00F16B30 /* Project object */ = {
			isa = PBXProject;
			attributes = {
				BuildIndependentTargetsInParallel = 1;
				LastSwiftUpdateCheck = 1300;
				LastUpgradeCheck = 1300;
				TargetAttributes = {
					1E865A212727D42B00F16B30 = {
						CreatedOnToolsVersion = 13.0;
					};
				};
			};
			buildConfigurationList = 1E865A1D2727D42B00F16B30 /* Build configuration list for PBXProject "TabelViwe" */;
			compatibilityVersion = "Xcode 13.0";
			developmentRegion = en;
			hasScannedForEncodings = 0;
			knownRegions = (
				en,
				Base,
			);
			mainGroup = 1E865A192727D42B00F16B30;
			productRefGroup = 1E865A232727D42B00F16B30 /* Products */;
			projectDirPath = "";
			projectRoot = "";
			targets = (
				1E865A212727D42B00F16B30 /* TabelViwe */,
			);
		};
/* End PBXProject section */

/* Begin PBXResourcesBuildPhase section */
		1E865A202727D42B00F16B30 /* Resources */ = {
			isa = PBXResourcesBuildPhase;
			buildActionMask = 2147483647;
			files = (
				1E865A322727D42C00F16B30 /* LaunchScreen.storyboard in Resources */,
				1E865A2F2727D42C00F16B30 /* Assets.xcassets in Resources */,
				1E865A2D2727D42B00F16B30 /* Main.storyboard in Resources */,
			);
			runOnlyForDeploymentPostprocessing = 0;
		};
/* End PBXResourcesBuildPhase section */

/* Begin PBXSourcesBuildPhase section */
		1E865A1E2727D42B00F16B30 /* Sources */ = {
			isa = PBXSourcesBuildPhase;
			buildActionMask = 2147483647;
			files = (
				1E865A3E2727F64500F16B30 /* StedensCell.swift in Sources */,
				1E865A2A2727D42B00F16B30 /* ViewController.swift in Sources */,
				1E865A262727D42B00F16B30 /* AppDelegate.swift in Sources */,
				1E865A3A2727E2F400F16B30 /* StdClass.swift in Sources */,
				1E78AB65272A8445000382C8 /* DetailsVC.swift in Sources */,
				1E865A282727D42B00F16B30 /* SceneDelegate.swift in Sources */,
				1E78AB71272E7A88000382C8 /* imageVC.swift in Sources */,
				1E295BFA272935A1003826B1 /* CityClass.swift in Sources */,
				1E78AB67272A904B000382C8 /* MoreImageCVC.swift in Sources */,
				1E295BF32729301A003826B1 /* NewVC.swift in Sources */,
				1E295BF82729321A003826B1 /* CityTVCell.swift in Sources */,
			);
			runOnlyForDeploymentPostprocessing = 0;
		};
/* End PBXSourcesBuildPhase section */

/* Begin PBXVariantGroup section */
		1E865A2B2727D42B00F16B30 /* Main.storyboard */ = {
			isa = PBXVariantGroup;
			children = (
				1E865A2C2727D42B00F16B30 /* Base */,
			);
			name = Main.storyboard;
			sourceTree = "<group>";
		};
		1E865A302727D42C00F16B30 /* LaunchScreen.storyboard */ = {
			isa = PBXVariantGroup;
			children = (
				1E865A312727D42C00F16B30 /* Base */,
			);
			name = LaunchScreen.storyboard;
			sourceTree = "<group>";
		};
/* End PBXVariantGroup section */

/* Begin XCBuildConfiguration section */
		1E865A342727D42C00F16B30 /* Debug */ = {
			isa = XCBuildConfiguration;
			buildSettings = {
				ALWAYS_SEARCH_USER_PATHS = NO;
				CLANG_ANALYZER_NONNULL = YES;
				CLANG_ANALYZER_NUMBER_OBJECT_CONVERSION = YES_AGGRESSIVE;
				CLANG_CXX_LANGUAGE_STANDARD = "gnu++17";
				CLANG_CXX_LIBRARY = "libc++";
				CLANG_ENABLE_MODULES = YES;
				CLANG_ENABLE_OBJC_ARC = YES;
				CLANG_ENABLE_OBJC_WEAK = YES;
				CLANG_WARN_BLOCK_CAPTURE_AUTORELEASING = YES;
				CLANG_WARN_BOOL_CONVERSION = YES;
				CLANG_WARN_COMMA = YES;
				CLANG_WARN_CONSTANT_CONVERSION = YES;
				CLANG_WARN_DEPRECATED_OBJC_IMPLEMENTATIONS = YES;
				CLANG_WARN_DIRECT_OBJC_ISA_USAGE = YES_ERROR;
				CLANG_WARN_DOCUMENTATION_COMMENTS = YES;
				CLANG_WARN_EMPTY_BODY = YES;
				CLANG_WARN_ENUM_CONVERSION = YES;
				CLANG_WARN_INFINITE_RECURSION = YES;
				CLANG_WARN_INT_CONVERSION = YES;
				CLANG_WARN_NON_LITERAL_NULL_CONVERSION = YES;
				CLANG_WARN_OBJC_IMPLICIT_RETAIN_SELF = YES;
				CLANG_WARN_OBJC_LITERAL_CONVERSION = YES;
				CLANG_WARN_OBJC_ROOT_CLASS = YES_ERROR;
				CLANG_WARN_QUOTED_INCLUDE_IN_FRAMEWORK_HEADER = YES;
				CLANG_WARN_RANGE_LOOP_ANALYSIS = YES;
				CLANG_WARN_STRICT_PROTOTYPES = YES;
				CLANG_WARN_SUSPICIOUS_MOVE = YES;
				CLANG_WARN_UNGUARDED_AVAILABILITY = YES_AGGRESSIVE;
				CLANG_WARN_UNREACHABLE_CODE = YES;
				CLANG_WARN__DUPLICATE_METHOD_MATCH = YES;
				COPY_PHASE_STRIP = NO;
				DEBUG_INFORMATION_FORMAT = dwarf;
				ENABLE_STRICT_OBJC_MSGSEND = YES;
				ENABLE_TESTABILITY = YES;
				GCC_C_LANGUAGE_STANDARD = gnu11;
				GCC_DYNAMIC_NO_PIC = NO;
				GCC_NO_COMMON_BLOCKS = YES;
				GCC_OPTIMIZATION_LEVEL = 0;
				GCC_PREPROCESSOR_DEFINITIONS = (
					"DEBUG=1",
					"$(inherited)",
				);
				GCC_WARN_64_TO_32_BIT_CONVERSION = YES;
				GCC_WARN_ABOUT_RETURN_TYPE = YES_ERROR;
				GCC_WARN_UNDECLARED_SELECTOR = YES;
				GCC_WARN_UNINITIALIZED_AUTOS = YES_AGGRESSIVE;
				GCC_WARN_UNUSED_FUNCTION = YES;
				GCC_WARN_UNUSED_VARIABLE = YES;
				IPHONEOS_DEPLOYMENT_TARGET = 15.0;
				MTL_ENABLE_DEBUG_INFO = INCLUDE_SOURCE;
				MTL_FAST_MATH = YES;
				ONLY_ACTIVE_ARCH = YES;
				SDKROOT = iphoneos;
				SWIFT_ACTIVE_COMPILATION_CONDITIONS = DEBUG;
				SWIFT_OPTIMIZATION_LEVEL = "-Onone";
			};
			name = Debug;
		};
		1E865A352727D42C00F16B30 /* Release */ = {
			isa = XCBuildConfiguration;
			buildSettings = {
				ALWAYS_SEARCH_USER_PATHS = NO;
				CLANG_ANALYZER_NONNULL = YES;
				CLANG_ANALYZER_NUMBER_OBJECT_CONVERSION = YES_AGGRESSIVE;
				CLANG_CXX_LANGUAGE_STANDARD = "gnu++17";
				CLANG_CXX_LIBRARY = "libc++";
				CLANG_ENABLE_MODULES = YES;
				CLANG_ENABLE_OBJC_ARC = YES;
				CLANG_ENABLE_OBJC_WEAK = YES;
				CLANG_WARN_BLOCK_CAPTURE_AUTORELEASING = YES;
				CLANG_WARN_BOOL_CONVERSION = YES;
				CLANG_WARN_COMMA = YES;
				CLANG_WARN_CONSTANT_CONVERSION = YES;
				CLANG_WARN_DEPRECATED_OBJC_IMPLEMENTATIONS = YES;
				CLANG_WARN_DIRECT_OBJC_ISA_USAGE = YES_ERROR;
				CLANG_WARN_DOCUMENTATION_COMMENTS = YES;
				CLANG_WARN_EMPTY_BODY = YES;
				CLANG_WARN_ENUM_CONVERSION = YES;
				CLANG_WARN_INFINITE_RECURSION = YES;
				CLANG_WARN_INT_CONVERSION = YES;
				CLANG_WARN_NON_LITERAL_NULL_CONVERSION = YES;
				CLANG_WARN_OBJC_IMPLICIT_RETAIN_SELF = YES;
				CLANG_WARN_OBJC_LITERAL_CONVERSION = YES;
				CLANG_WARN_OBJC_ROOT_CLASS = YES_ERROR;
				CLANG_WARN_QUOTED_INCLUDE_IN_FRAMEWORK_HEADER = YES;
				CLANG_WARN_RANGE_LOOP_ANALYSIS = YES;
				CLANG_WARN_STRICT_PROTOTYPES = YES;
				CLANG_WARN_SUSPICIOUS_MOVE = YES;
				CLANG_WARN_UNGUARDED_AVAILABILITY = YES_AGGRESSIVE;
				CLANG_WARN_UNREACHABLE_CODE = YES;
				CLANG_WARN__DUPLICATE_METHOD_MATCH = YES;
				COPY_PHASE_STRIP = NO;
				DEBUG_INFORMATION_FORMAT = "dwarf-with-dsym";
				ENABLE_NS_ASSERTIONS = NO;
				ENABLE_STRICT_OBJC_MSGSEND = YES;
				GCC_C_LANGUAGE_STANDARD = gnu11;
				GCC_NO_COMMON_BLOCKS = YES;
				GCC_WARN_64_TO_32_BIT_CONVERSION = YES;
				GCC_WARN_ABOUT_RETURN_TYPE = YES_ERROR;
				GCC_WARN_UNDECLARED_SELECTOR = YES;
				GCC_WARN_UNINITIALIZED_AUTOS = YES_AGGRESSIVE;
				GCC_WARN_UNUSED_FUNCTION = YES;
				GCC_WARN_UNUSED_VARIABLE = YES;
				IPHONEOS_DEPLOYMENT_TARGET = 15.0;
				MTL_ENABLE_DEBUG_INFO = NO;
				MTL_FAST_MATH = YES;
				SDKROOT = iphoneos;
				SWIFT_COMPILATION_MODE = wholemodule;
				SWIFT_OPTIMIZATION_LEVEL = "-O";
				VALIDATE_PRODUCT = YES;
			};
			name = Release;
		};
		1E865A372727D42C00F16B30 /* Debug */ = {
			isa = XCBuildConfiguration;
			buildSettings = {
				ASSETCATALOG_COMPILER_APPICON_NAME = AppIcon;
				ASSETCATALOG_COMPILER_GLOBAL_ACCENT_COLOR_NAME = AccentColor;
				CODE_SIGN_STYLE = Automatic;
				CURRENT_PROJECT_VERSION = 1;
				GENERATE_INFOPLIST_FILE = YES;
				INFOPLIST_FILE = TabelViwe/Info.plist;
				INFOPLIST_KEY_UIApplicationSupportsIndirectInputEvents = YES;
				INFOPLIST_KEY_UILaunchStoryboardName = LaunchScreen;
				INFOPLIST_KEY_UIMainStoryboardFile = Main;
				INFOPLIST_KEY_UISupportedInterfaceOrientations_iPad = "UIInterfaceOrientationPortrait UIInterfaceOrientationPortraitUpsideDown UIInterfaceOrientationLandscapeLeft UIInterfaceOrientationLandscapeRight";
				INFOPLIST_KEY_UISupportedInterfaceOrientations_iPhone = "UIInterfaceOrientationPortrait UIInterfaceOrientationLandscapeLeft UIInterfaceOrientationLandscapeRight";
				LD_RUNPATH_SEARCH_PATHS = (
					"$(inherited)",
					"@executable_path/Frameworks",
				);
				MARKETING_VERSION = 1.0;
				PRODUCT_BUNDLE_IDENTIFIER = n.TabelViwe;
				PRODUCT_NAME = "$(TARGET_NAME)";
				SWIFT_EMIT_LOC_STRINGS = YES;
				SWIFT_VERSION = 5.0;
				TARGETED_DEVICE_FAMILY = "1,2";
			};
			name = Debug;
		};
		1E865A382727D42C00F16B30 /* Release */ = {
			isa = XCBuildConfiguration;
			buildSettings = {
				ASSETCATALOG_COMPILER_APPICON_NAME = AppIcon;
				ASSETCATALOG_COMPILER_GLOBAL_ACCENT_COLOR_NAME = AccentColor;
				CODE_SIGN_STYLE = Automatic;
				CURRENT_PROJECT_VERSION = 1;
				GENERATE_INFOPLIST_FILE = YES;
				INFOPLIST_FILE = TabelViwe/Info.plist;
				INFOPLIST_KEY_UIApplicationSupportsIndirectInputEvents = YES;
				INFOPLIST_KEY_UILaunchStoryboardName = LaunchScreen;
				INFOPLIST_KEY_UIMainStoryboardFile = Main;
				INFOPLIST_KEY_UISupportedInterfaceOrientations_iPad = "UIInterfaceOrientationPortrait UIInterfaceOrientationPortraitUpsideDown UIInterfaceOrientationLandscapeLeft UIInterfaceOrientationLandscapeRight";
				INFOPLIST_KEY_UISupportedInterfaceOrientations_iPhone = "UIInterfaceOrientationPortrait UIInterfaceOrientationLandscapeLeft UIInterfaceOrientationLandscapeRight";
				LD_RUNPATH_SEARCH_PATHS = (
					"$(inherited)",
					"@executable_path/Frameworks",
				);
				MARKETING_VERSION = 1.0;
				PRODUCT_BUNDLE_IDENTIFIER = n.TabelViwe;
				PRODUCT_NAME = "$(TARGET_NAME)";
				SWIFT_EMIT_LOC_STRINGS = YES;
				SWIFT_VERSION = 5.0;
				TARGETED_DEVICE_FAMILY = "1,2";
			};
			name = Release;
		};
/* End XCBuildConfiguration section */

/* Begin XCConfigurationList section */
		1E865A1D2727D42B00F16B30 /* Build configuration list for PBXProject "TabelViwe" */ = {
			isa = XCConfigurationList;
			buildConfigurations = (
				1E865A342727D42C00F16B30 /* Debug */,
				1E865A352727D42C00F16B30 /* Release */,
			);
			defaultConfigurationIsVisible = 0;
			defaultConfigurationName = Release;
		};
		1E865A362727D42C00F16B30 /* Build configuration list for PBXNativeTarget "TabelViwe" */ = {
			isa = XCConfigurationList;
			buildConfigurations = (
				1E865A372727D42C00F16B30 /* Debug */,
				1E865A382727D42C00F16B30 /* Release */,
			);
			defaultConfigurationIsVisible = 0;
			defaultConfigurationName = Release;
		};
/* End XCConfigurationList section */
	};
	rootObject = 1E865A1A2727D42B00F16B30 /* Project object */;
}
